// !$*UTF8*$!
{
	archiveVersion = 1;
	classes = {
	};
	objectVersion = 77;
	objects = {

/* Begin PBXBuildFile section */
		ED042D7A2F15E5C30050B123 /* UnderConstructionView.swift in Sources */ = {isa = PBXBuildFile; fileRef = ED042D792F15E5C30050B123 /* UnderConstructionView.swift */; };
		ED042D7C2F15F46E0050B123 /* MathQuestion.swift in Sources */ = {isa = PBXBuildFile; fileRef = ED042D7B2F15F46E0050B123 /* MathQuestion.swift */; };
		ED042D7E2F15F4790050B123 /* LaTeXView.swift in Sources */ = {isa = PBXBuildFile; fileRef = ED042D7D2F15F4790050B123 /* LaTeXView.swift */; };
		ED042D802F15F4970050B123 /* MathPracticeSessionView.swift in Sources */ = {isa = PBXBuildFile; fileRef = ED042D7F2F15F4970050B123 /* MathPracticeSessionView.swift */; };
		ED042D822F15F4AA0050B123 /* MathResultsView.swift in Sources */ = {isa = PBXBuildFile; fileRef = ED042D812F15F4AA0050B123 /* MathResultsView.swift */; };
		ED042D842F15F4BF0050B123 /* MathAnswerDetailView.swift in Sources */ = {isa = PBXBuildFile; fileRef = ED042D832F15F4BF0050B123 /* MathAnswerDetailView.swift */; };
		ED042D862F15F4E90050B123 /* MathQuestionSetsListView.swift in Sources */ = {isa = PBXBuildFile; fileRef = ED042D852F15F4E90050B123 /* MathQuestionSetsListView.swift */; };
		ED042D882F15F50D0050B123 /* IMPLEMENTATION_NOTES.md in Resources */ = {isa = PBXBuildFile; fileRef = ED042D872F15F50D0050B123 /* IMPLEMENTATION_NOTES.md */; };
		ED042D8A2F15F52A0050B123 /* QUICK_START_GUIDE.swift in Sources */ = {isa = PBXBuildFile; fileRef = ED042D892F15F52A0050B123 /* QUICK_START_GUIDE.swift */; };
/* End PBXBuildFile section */

/* Begin PBXContainerItemProxy section */
		EDDE34C72EC581140076ACE5 /* PBXContainerItemProxy */ = {
			isa = PBXContainerItemProxy;
			containerPortal = EDDE34B12EC581130076ACE5 /* Project object */;
			proxyType = 1;
			remoteGlobalIDString = EDDE34B82EC581130076ACE5;
			remoteInfo = Recall;
		};
		EDDE34D12EC581140076ACE5 /* PBXContainerItemProxy */ = {
			isa = PBXContainerItemProxy;
			containerPortal = EDDE34B12EC581130076ACE5 /* Project object */;
			proxyType = 1;
			remoteGlobalIDString = EDDE34B82EC581130076ACE5;
			remoteInfo = Recall;
		};
/* End PBXContainerItemProxy section */

/* Begin PBXFileReference section */
		ED042D792F15E5C30050B123 /* UnderConstructionView.swift */ = {isa = PBXFileReference; lastKnownFileType = sourcecode.swift; path = UnderConstructionView.swift; sourceTree = "<group>"; };
		ED042D7B2F15F46E0050B123 /* MathQuestion.swift */ = {isa = PBXFileReference; lastKnownFileType = sourcecode.swift; path = MathQuestion.swift; sourceTree = "<group>"; };
		ED042D7D2F15F4790050B123 /* LaTeXView.swift */ = {isa = PBXFileReference; lastKnownFileType = sourcecode.swift; path = LaTeXView.swift; sourceTree = "<group>"; };
		ED042D7F2F15F4970050B123 /* MathPracticeSessionView.swift */ = {isa = PBXFileReference; lastKnownFileType = sourcecode.swift; path = MathPracticeSessionView.swift; sourceTree = "<group>"; };
		ED042D812F15F4AA0050B123 /* MathResultsView.swift */ = {isa = PBXFileReference; lastKnownFileType = sourcecode.swift; path = MathResultsView.swift; sourceTree = "<group>"; };
		ED042D832F15F4BF0050B123 /* MathAnswerDetailView.swift */ = {isa = PBXFileReference; lastKnownFileType = sourcecode.swift; path = MathAnswerDetailView.swift; sourceTree = "<group>"; };
		ED042D852F15F4E90050B123 /* MathQuestionSetsListView.swift */ = {isa = PBXFileReference; lastKnownFileType = sourcecode.swift; path = MathQuestionSetsListView.swift; sourceTree = "<group>"; };
		ED042D872F15F50D0050B123 /* IMPLEMENTATION_NOTES.md */ = {isa = PBXFileReference; lastKnownFileType = net.daringfireball.markdown; path = IMPLEMENTATION_NOTES.md; sourceTree = "<group>"; };
		ED042D892F15F52A0050B123 /* QUICK_START_GUIDE.swift */ = {isa = PBXFileReference; lastKnownFileType = sourcecode.swift; path = QUICK_START_GUIDE.swift; sourceTree = "<group>"; };
		EDDE34B92EC581130076ACE5 /* Recall.app */ = {isa = PBXFileReference; explicitFileType = wrapper.application; includeInIndex = 0; path = Recall.app; sourceTree = BUILT_PRODUCTS_DIR; };
		EDDE34C62EC581140076ACE5 /* RecallTests.xctest */ = {isa = PBXFileReference; explicitFileType = wrapper.cfbundle; includeInIndex = 0; path = RecallTests.xctest; sourceTree = BUILT_PRODUCTS_DIR; };
		EDDE34D02EC581140076ACE5 /* RecallUITests.xctest */ = {isa = PBXFileReference; explicitFileType = wrapper.cfbundle; includeInIndex = 0; path = RecallUITests.xctest; sourceTree = BUILT_PRODUCTS_DIR; };
/* End PBXFileReference section */

/* Begin PBXFileSystemSynchronizedRootGroup section */
		EDDE34BB2EC581130076ACE5 /* Recall */ = {
			isa = PBXFileSystemSynchronizedRootGroup;
			path = Recall;
			sourceTree = "<group>";
		};
		EDDE34C92EC581140076ACE5 /* RecallTests */ = {
			isa = PBXFileSystemSynchronizedRootGroup;
			path = RecallTests;
			sourceTree = "<group>";
		};
		EDDE34D32EC581140076ACE5 /* RecallUITests */ = {
			isa = PBXFileSystemSynchronizedRootGroup;
			path = RecallUITests;
			sourceTree = "<group>";
		};
/* End PBXFileSystemSynchronizedRootGroup section */

/* Begin PBXFrameworksBuildPhase section */
		EDDE34B62EC581130076ACE5 /* Frameworks */ = {
			isa = PBXFrameworksBuildPhase;
			buildActionMask = 2147483647;
			files = (
			);
			runOnlyForDeploymentPostprocessing = 0;
		};
		EDDE34C32EC581140076ACE5 /* Frameworks */ = {
			isa = PBXFrameworksBuildPhase;
			buildActionMask = 2147483647;
			files = (
			);
			runOnlyForDeploymentPostprocessing = 0;
		};
		EDDE34CD2EC581140076ACE5 /* Frameworks */ = {
			isa = PBXFrameworksBuildPhase;
			buildActionMask = 2147483647;
			files = (
			);
			runOnlyForDeploymentPostprocessing = 0;
		};
/* End PBXFrameworksBuildPhase section */

/* Begin PBXGroup section */
		EDDE34B02EC581130076ACE5 = {
			isa = PBXGroup;
			children = (
				EDDE34BB2EC581130076ACE5 /* Recall */,
				EDDE34C92EC581140076ACE5 /* RecallTests */,
				EDDE34D32EC581140076ACE5 /* RecallUITests */,
				EDDE34BA2EC581130076ACE5 /* Products */,
				ED042D792F15E5C30050B123 /* UnderConstructionView.swift */,
				ED042D7B2F15F46E0050B123 /* MathQuestion.swift */,
				ED042D7D2F15F4790050B123 /* LaTeXView.swift */,
				ED042D7F2F15F4970050B123 /* MathPracticeSessionView.swift */,
				ED042D812F15F4AA0050B123 /* MathResultsView.swift */,
				ED042D832F15F4BF0050B123 /* MathAnswerDetailView.swift */,
				ED042D852F15F4E90050B123 /* MathQuestionSetsListView.swift */,
				ED042D872F15F50D0050B123 /* IMPLEMENTATION_NOTES.md */,
				ED042D892F15F52A0050B123 /* QUICK_START_GUIDE.swift */,
			);
			sourceTree = "<group>";
		};
		EDDE34BA2EC581130076ACE5 /* Products */ = {
			isa = PBXGroup;
			children = (
				EDDE34B92EC581130076ACE5 /* Recall.app */,
				EDDE34C62EC581140076ACE5 /* RecallTests.xctest */,
				EDDE34D02EC581140076ACE5 /* RecallUITests.xctest */,
			);
			name = Products;
			sourceTree = "<group>";
		};
/* End PBXGroup section */

/* Begin PBXNativeTarget section */
		EDDE34B82EC581130076ACE5 /* Recall */ = {
			isa = PBXNativeTarget;
			buildConfigurationList = EDDE34DA2EC581140076ACE5 /* Build configuration list for PBXNativeTarget "Recall" */;
			buildPhases = (
				EDDE34B52EC581130076ACE5 /* Sources */,
				EDDE34B62EC581130076ACE5 /* Frameworks */,
				EDDE34B72EC581130076ACE5 /* Resources */,
			);
			buildRules = (
			);
			dependencies = (
			);
			fileSystemSynchronizedGroups = (
				EDDE34BB2EC581130076ACE5 /* Recall */,
			);
			name = Recall;
			packageProductDependencies = (
			);
			productName = Recall;
			productReference = EDDE34B92EC581130076ACE5 /* Recall.app */;
			productType = "com.apple.product-type.application";
		};
		EDDE34C52EC581140076ACE5 /* RecallTests */ = {
			isa = PBXNativeTarget;
			buildConfigurationList = EDDE34DD2EC581140076ACE5 /* Build configuration list for PBXNativeTarget "RecallTests" */;
			buildPhases = (
				EDDE34C22EC581140076ACE5 /* Sources */,
				EDDE34C32EC581140076ACE5 /* Frameworks */,
				EDDE34C42EC581140076ACE5 /* Resources */,
			);
			buildRules = (
			);
			dependencies = (
				EDDE34C82EC581140076ACE5 /* PBXTargetDependency */,
			);
			fileSystemSynchronizedGroups = (
				EDDE34C92EC581140076ACE5 /* RecallTests */,
			);
			name = RecallTests;
			packageProductDependencies = (
			);
			productName = RecallTests;
			productReference = EDDE34C62EC581140076ACE5 /* RecallTests.xctest */;
			productType = "com.apple.product-type.bundle.unit-test";
		};
		EDDE34CF2EC581140076ACE5 /* RecallUITests */ = {
			isa = PBXNativeTarget;
			buildConfigurationList = EDDE34E02EC581140076ACE5 /* Build configuration list for PBXNativeTarget "RecallUITests" */;
			buildPhases = (
				EDDE34CC2EC581140076ACE5 /* Sources */,
				EDDE34CD2EC581140076ACE5 /* Frameworks */,
				EDDE34CE2EC581140076ACE5 /* Resources */,
			);
			buildRules = (
			);
			dependencies = (
				EDDE34D22EC581140076ACE5 /* PBXTargetDependency */,
			);
			fileSystemSynchronizedGroups = (
				EDDE34D32EC581140076ACE5 /* RecallUITests */,
			);
			name = RecallUITests;
			packageProductDependencies = (
			);
			productName = RecallUITests;
			productReference = EDDE34D02EC581140076ACE5 /* RecallUITests.xctest */;
			productType = "com.apple.product-type.bundle.ui-testing";
		};
/* End PBXNativeTarget section */

/* Begin PBXProject section */
		EDDE34B12EC581130076ACE5 /* Project object */ = {
			isa = PBXProject;
			attributes = {
				BuildIndependentTargetsInParallel = 1;
				LastSwiftUpdateCheck = 1630;
				LastUpgradeCheck = 1630;
				TargetAttributes = {
					EDDE34B82EC581130076ACE5 = {
						CreatedOnToolsVersion = 16.3;
					};
					EDDE34C52EC581140076ACE5 = {
						CreatedOnToolsVersion = 16.3;
						TestTargetID = EDDE34B82EC581130076ACE5;
					};
					EDDE34CF2EC581140076ACE5 = {
						CreatedOnToolsVersion = 16.3;
						TestTargetID = EDDE34B82EC581130076ACE5;
					};
				};
			};
			buildConfigurationList = EDDE34B42EC581130076ACE5 /* Build configuration list for PBXProject "Recall" */;
			developmentRegion = en;
			hasScannedForEncodings = 0;
			knownRegions = (
				en,
				Base,
			);
			mainGroup = EDDE34B02EC581130076ACE5;
			minimizedProjectReferenceProxies = 1;
			preferredProjectObjectVersion = 77;
			productRefGroup = EDDE34BA2EC581130076ACE5 /* Products */;
			projectDirPath = "";
			projectRoot = "";
			targets = (
				EDDE34B82EC581130076ACE5 /* Recall */,
				EDDE34C52EC581140076ACE5 /* RecallTests */,
				EDDE34CF2EC581140076ACE5 /* RecallUITests */,
			);
		};
/* End PBXProject section */

/* Begin PBXResourcesBuildPhase section */
		EDDE34B72EC581130076ACE5 /* Resources */ = {
			isa = PBXResourcesBuildPhase;
			buildActionMask = 2147483647;
			files = (
				ED042D882F15F50D0050B123 /* IMPLEMENTATION_NOTES.md in Resources */,
			);
			runOnlyForDeploymentPostprocessing = 0;
		};
		EDDE34C42EC581140076ACE5 /* Resources */ = {
			isa = PBXResourcesBuildPhase;
			buildActionMask = 2147483647;
			files = (
			);
			runOnlyForDeploymentPostprocessing = 0;
		};
		EDDE34CE2EC581140076ACE5 /* Resources */ = {
			isa = PBXResourcesBuildPhase;
			buildActionMask = 2147483647;
			files = (
			);
			runOnlyForDeploymentPostprocessing = 0;
		};
/* End PBXResourcesBuildPhase section */

/* Begin PBXSourcesBuildPhase section */
		EDDE34B52EC581130076ACE5 /* Sources */ = {
			isa = PBXSourcesBuildPhase;
			buildActionMask = 2147483647;
			files = (
				ED042D822F15F4AA0050B123 /* MathResultsView.swift in Sources */,
				ED042D842F15F4BF0050B123 /* MathAnswerDetailView.swift in Sources */,
				ED042D7C2F15F46E0050B123 /* MathQuestion.swift in Sources */,
				ED042D8A2F15F52A0050B123 /* QUICK_START_GUIDE.swift in Sources */,
				ED042D802F15F4970050B123 /* MathPracticeSessionView.swift in Sources */,
				ED042D7A2F15E5C30050B123 /* UnderConstructionView.swift in Sources */,
				ED042D7E2F15F4790050B123 /* LaTeXView.swift in Sources */,
				ED042D862F15F4E90050B123 /* MathQuestionSetsListView.swift in Sources */,
			);
			runOnlyForDeploymentPostprocessing = 0;
		};
		EDDE34C22EC581140076ACE5 /* Sources */ = {
			isa = PBXSourcesBuildPhase;
			buildActionMask = 2147483647;
			files = (
			);
			runOnlyForDeploymentPostprocessing = 0;
		};
		EDDE34CC2EC581140076ACE5 /* Sources */ = {
			isa = PBXSourcesBuildPhase;
			buildActionMask = 2147483647;
			files = (
			);
			runOnlyForDeploymentPostprocessing = 0;
		};
/* End PBXSourcesBuildPhase section */

/* Begin PBXTargetDependency section */
		EDDE34C82EC581140076ACE5 /* PBXTargetDependency */ = {
			isa = PBXTargetDependency;
			target = EDDE34B82EC581130076ACE5 /* Recall */;
			targetProxy = EDDE34C72EC581140076ACE5 /* PBXContainerItemProxy */;
		};
		EDDE34D22EC581140076ACE5 /* PBXTargetDependency */ = {
			isa = PBXTargetDependency;
			target = EDDE34B82EC581130076ACE5 /* Recall */;
			targetProxy = EDDE34D12EC581140076ACE5 /* PBXContainerItemProxy */;
		};
/* End PBXTargetDependency section */

/* Begin XCBuildConfiguration section */
		EDDE34D82EC581140076ACE5 /* Debug */ = {
			isa = XCBuildConfiguration;
			buildSettings = {
				ALWAYS_SEARCH_USER_PATHS = NO;
				ASSETCATALOG_COMPILER_GENERATE_SWIFT_ASSET_SYMBOL_EXTENSIONS = YES;
				CLANG_ANALYZER_NONNULL = YES;
				CLANG_ANALYZER_NUMBER_OBJECT_CONVERSION = YES_AGGRESSIVE;
				CLANG_CXX_LANGUAGE_STANDARD = "gnu++20";
				CLANG_ENABLE_MODULES = YES;
				CLANG_ENABLE_OBJC_ARC = YES;
				CLANG_ENABLE_OBJC_WEAK = YES;
				CLANG_WARN_BLOCK_CAPTURE_AUTORELEASING = YES;
				CLANG_WARN_BOOL_CONVERSION = YES;
				CLANG_WARN_COMMA = YES;
				CLANG_WARN_CONSTANT_CONVERSION = YES;
				CLANG_WARN_DEPRECATED_OBJC_IMPLEMENTATIONS = YES;
				CLANG_WARN_DIRECT_OBJC_ISA_USAGE = YES_ERROR;
				CLANG_WARN_DOCUMENTATION_COMMENTS = YES;
				CLANG_WARN_EMPTY_BODY = YES;
				CLANG_WARN_ENUM_CONVERSION = YES;
				CLANG_WARN_INFINITE_RECURSION = YES;
				CLANG_WARN_INT_CONVERSION = YES;
				CLANG_WARN_NON_LITERAL_NULL_CONVERSION = YES;
				CLANG_WARN_OBJC_IMPLICIT_RETAIN_SELF = YES;
				CLANG_WARN_OBJC_LITERAL_CONVERSION = YES;
				CLANG_WARN_OBJC_ROOT_CLASS = YES_ERROR;
				CLANG_WARN_QUOTED_INCLUDE_IN_FRAMEWORK_HEADER = YES;
				CLANG_WARN_RANGE_LOOP_ANALYSIS = YES;
				CLANG_WARN_STRICT_PROTOTYPES = YES;
				CLANG_WARN_SUSPICIOUS_MOVE = YES;
				CLANG_WARN_UNGUARDED_AVAILABILITY = YES_AGGRESSIVE;
				CLANG_WARN_UNREACHABLE_CODE = YES;
				CLANG_WARN__DUPLICATE_METHOD_MATCH = YES;
				COPY_PHASE_STRIP = NO;
				DEBUG_INFORMATION_FORMAT = dwarf;
				ENABLE_STRICT_OBJC_MSGSEND = YES;
				ENABLE_TESTABILITY = YES;
				ENABLE_USER_SCRIPT_SANDBOXING = YES;
				GCC_C_LANGUAGE_STANDARD = gnu17;
				GCC_DYNAMIC_NO_PIC = NO;
				GCC_NO_COMMON_BLOCKS = YES;
				GCC_OPTIMIZATION_LEVEL = 0;
				GCC_PREPROCESSOR_DEFINITIONS = (
					"DEBUG=1",
					"$(inherited)",
				);
				GCC_WARN_64_TO_32_BIT_CONVERSION = YES;
				GCC_WARN_ABOUT_RETURN_TYPE = YES_ERROR;
				GCC_WARN_UNDECLARED_SELECTOR = YES;
				GCC_WARN_UNINITIALIZED_AUTOS = YES_AGGRESSIVE;
				GCC_WARN_UNUSED_FUNCTION = YES;
				GCC_WARN_UNUSED_VARIABLE = YES;
				IPHONEOS_DEPLOYMENT_TARGET = 18.4;
				LOCALIZATION_PREFERS_STRING_CATALOGS = YES;
				MTL_ENABLE_DEBUG_INFO = INCLUDE_SOURCE;
				MTL_FAST_MATH = YES;
				ONLY_ACTIVE_ARCH = YES;
				SDKROOT = iphoneos;
				SWIFT_ACTIVE_COMPILATION_CONDITIONS = "DEBUG $(inherited)";
				SWIFT_OPTIMIZATION_LEVEL = "-Onone";
			};
			name = Debug;
		};
		EDDE34D92EC581140076ACE5 /* Release */ = {
			isa = XCBuildConfiguration;
			buildSettings = {
				ALWAYS_SEARCH_USER_PATHS = NO;
				ASSETCATALOG_COMPILER_GENERATE_SWIFT_ASSET_SYMBOL_EXTENSIONS = YES;
				CLANG_ANALYZER_NONNULL = YES;
				CLANG_ANALYZER_NUMBER_OBJECT_CONVERSION = YES_AGGRESSIVE;
				CLANG_CXX_LANGUAGE_STANDARD = "gnu++20";
				CLANG_ENABLE_MODULES = YES;
				CLANG_ENABLE_OBJC_ARC = YES;
				CLANG_ENABLE_OBJC_WEAK = YES;
				CLANG_WARN_BLOCK_CAPTURE_AUTORELEASING = YES;
				CLANG_WARN_BOOL_CONVERSION = YES;
				CLANG_WARN_COMMA = YES;
				CLANG_WARN_CONSTANT_CONVERSION = YES;
				CLANG_WARN_DEPRECATED_OBJC_IMPLEMENTATIONS = YES;
				CLANG_WARN_DIRECT_OBJC_ISA_USAGE = YES_ERROR;
				CLANG_WARN_DOCUMENTATION_COMMENTS = YES;
				CLANG_WARN_EMPTY_BODY = YES;
				CLANG_WARN_ENUM_CONVERSION = YES;
				CLANG_WARN_INFINITE_RECURSION = YES;
				CLANG_WARN_INT_CONVERSION = YES;
				CLANG_WARN_NON_LITERAL_NULL_CONVERSION = YES;
				CLANG_WARN_OBJC_IMPLICIT_RETAIN_SELF = YES;
				CLANG_WARN_OBJC_LITERAL_CONVERSION = YES;
				CLANG_WARN_OBJC_ROOT_CLASS = YES_ERROR;
				CLANG_WARN_QUOTED_INCLUDE_IN_FRAMEWORK_HEADER = YES;
				CLANG_WARN_RANGE_LOOP_ANALYSIS = YES;
				CLANG_WARN_STRICT_PROTOTYPES = YES;
				CLANG_WARN_SUSPICIOUS_MOVE = YES;
				CLANG_WARN_UNGUARDED_AVAILABILITY = YES_AGGRESSIVE;
				CLANG_WARN_UNREACHABLE_CODE = YES;
				CLANG_WARN__DUPLICATE_METHOD_MATCH = YES;
				COPY_PHASE_STRIP = NO;
				DEBUG_INFORMATION_FORMAT = "dwarf-with-dsym";
				ENABLE_NS_ASSERTIONS = NO;
				ENABLE_STRICT_OBJC_MSGSEND = YES;
				ENABLE_USER_SCRIPT_SANDBOXING = YES;
				GCC_C_LANGUAGE_STANDARD = gnu17;
				GCC_NO_COMMON_BLOCKS = YES;
				GCC_WARN_64_TO_32_BIT_CONVERSION = YES;
				GCC_WARN_ABOUT_RETURN_TYPE = YES_ERROR;
				GCC_WARN_UNDECLARED_SELECTOR = YES;
				GCC_WARN_UNINITIALIZED_AUTOS = YES_AGGRESSIVE;
				GCC_WARN_UNUSED_FUNCTION = YES;
				GCC_WARN_UNUSED_VARIABLE = YES;
				IPHONEOS_DEPLOYMENT_TARGET = 18.4;
				LOCALIZATION_PREFERS_STRING_CATALOGS = YES;
				MTL_ENABLE_DEBUG_INFO = NO;
				MTL_FAST_MATH = YES;
				SDKROOT = iphoneos;
				SWIFT_COMPILATION_MODE = wholemodule;
				VALIDATE_PRODUCT = YES;
			};
			name = Release;
		};
		EDDE34DB2EC581140076ACE5 /* Debug */ = {
			isa = XCBuildConfiguration;
			buildSettings = {
				ASSETCATALOG_COMPILER_APPICON_NAME = AppIcon;
				ASSETCATALOG_COMPILER_GLOBAL_ACCENT_COLOR_NAME = AccentColor;
				CODE_SIGN_STYLE = Automatic;
				CURRENT_PROJECT_VERSION = 1;
				ENABLE_PREVIEWS = YES;
				GENERATE_INFOPLIST_FILE = YES;
				INFOPLIST_KEY_UIApplicationSceneManifest_Generation = YES;
				INFOPLIST_KEY_UIApplicationSupportsIndirectInputEvents = YES;
				INFOPLIST_KEY_UILaunchScreen_Generation = YES;
				INFOPLIST_KEY_UISupportedInterfaceOrientations_iPad = "UIInterfaceOrientationPortrait UIInterfaceOrientationPortraitUpsideDown UIInterfaceOrientationLandscapeLeft UIInterfaceOrientationLandscapeRight";
				INFOPLIST_KEY_UISupportedInterfaceOrientations_iPhone = "UIInterfaceOrientationPortrait UIInterfaceOrientationLandscapeLeft UIInterfaceOrientationLandscapeRight";
				LD_RUNPATH_SEARCH_PATHS = (
					"$(inherited)",
					"@executable_path/Frameworks",
				);
				MARKETING_VERSION = 1.0;
				PRODUCT_BUNDLE_IDENTIFIER = Personal.Recall;
				PRODUCT_NAME = "$(TARGET_NAME)";
				SWIFT_EMIT_LOC_STRINGS = YES;
				SWIFT_VERSION = 5.0;
				TARGETED_DEVICE_FAMILY = "1,2";
			};
			name = Debug;
		};
		EDDE34DC2EC581140076ACE5 /* Release */ = {
			isa = XCBuildConfiguration;
			buildSettings = {
				ASSETCATALOG_COMPILER_APPICON_NAME = AppIcon;
				ASSETCATALOG_COMPILER_GLOBAL_ACCENT_COLOR_NAME = AccentColor;
				CODE_SIGN_STYLE = Automatic;
				CURRENT_PROJECT_VERSION = 1;
				ENABLE_PREVIEWS = YES;
				GENERATE_INFOPLIST_FILE = YES;
				INFOPLIST_KEY_UIApplicationSceneManifest_Generation = YES;
				INFOPLIST_KEY_UIApplicationSupportsIndirectInputEvents = YES;
				INFOPLIST_KEY_UILaunchScreen_Generation = YES;
				INFOPLIST_KEY_UISupportedInterfaceOrientations_iPad = "UIInterfaceOrientationPortrait UIInterfaceOrientationPortraitUpsideDown UIInterfaceOrientationLandscapeLeft UIInterfaceOrientationLandscapeRight";
				INFOPLIST_KEY_UISupportedInterfaceOrientations_iPhone = "UIInterfaceOrientationPortrait UIInterfaceOrientationLandscapeLeft UIInterfaceOrientationLandscapeRight";
				LD_RUNPATH_SEARCH_PATHS = (
					"$(inherited)",
					"@executable_path/Frameworks",
				);
				MARKETING_VERSION = 1.0;
				PRODUCT_BUNDLE_IDENTIFIER = Personal.Recall;
				PRODUCT_NAME = "$(TARGET_NAME)";
				SWIFT_EMIT_LOC_STRINGS = YES;
				SWIFT_VERSION = 5.0;
				TARGETED_DEVICE_FAMILY = "1,2";
			};
			name = Release;
		};
		EDDE34DE2EC581140076ACE5 /* Debug */ = {
			isa = XCBuildConfiguration;
			buildSettings = {
				BUNDLE_LOADER = "$(TEST_HOST)";
				CODE_SIGN_STYLE = Automatic;
				CURRENT_PROJECT_VERSION = 1;
				GENERATE_INFOPLIST_FILE = YES;
				IPHONEOS_DEPLOYMENT_TARGET = 18.4;
				MARKETING_VERSION = 1.0;
				PRODUCT_BUNDLE_IDENTIFIER = Personal.RecallTests;
				PRODUCT_NAME = "$(TARGET_NAME)";
				SWIFT_EMIT_LOC_STRINGS = NO;
				SWIFT_VERSION = 5.0;
				TARGETED_DEVICE_FAMILY = "1,2";
				TEST_HOST = "$(BUILT_PRODUCTS_DIR)/Recall.app/$(BUNDLE_EXECUTABLE_FOLDER_PATH)/Recall";
			};
			name = Debug;
		};
		EDDE34DF2EC581140076ACE5 /* Release */ = {
			isa = XCBuildConfiguration;
			buildSettings = {
				BUNDLE_LOADER = "$(TEST_HOST)";
				CODE_SIGN_STYLE = Automatic;
				CURRENT_PROJECT_VERSION = 1;
				GENERATE_INFOPLIST_FILE = YES;
				IPHONEOS_DEPLOYMENT_TARGET = 18.4;
				MARKETING_VERSION = 1.0;
				PRODUCT_BUNDLE_IDENTIFIER = Personal.RecallTests;
				PRODUCT_NAME = "$(TARGET_NAME)";
				SWIFT_EMIT_LOC_STRINGS = NO;
				SWIFT_VERSION = 5.0;
				TARGETED_DEVICE_FAMILY = "1,2";
				TEST_HOST = "$(BUILT_PRODUCTS_DIR)/Recall.app/$(BUNDLE_EXECUTABLE_FOLDER_PATH)/Recall";
			};
			name = Release;
		};
		EDDE34E12EC581140076ACE5 /* Debug */ = {
			isa = XCBuildConfiguration;
			buildSettings = {
				CODE_SIGN_STYLE = Automatic;
				CURRENT_PROJECT_VERSION = 1;
				GENERATE_INFOPLIST_FILE = YES;
				MARKETING_VERSION = 1.0;
				PRODUCT_BUNDLE_IDENTIFIER = Personal.RecallUITests;
				PRODUCT_NAME = "$(TARGET_NAME)";
				SWIFT_EMIT_LOC_STRINGS = NO;
				SWIFT_VERSION = 5.0;
				TARGETED_DEVICE_FAMILY = "1,2";
				TEST_TARGET_NAME = Recall;
			};
			name = Debug;
		};
		EDDE34E22EC581140076ACE5 /* Release */ = {
			isa = XCBuildConfiguration;
			buildSettings = {
				CODE_SIGN_STYLE = Automatic;
				CURRENT_PROJECT_VERSION = 1;
				GENERATE_INFOPLIST_FILE = YES;
				MARKETING_VERSION = 1.0;
				PRODUCT_BUNDLE_IDENTIFIER = Personal.RecallUITests;
				PRODUCT_NAME = "$(TARGET_NAME)";
				SWIFT_EMIT_LOC_STRINGS = NO;
				SWIFT_VERSION = 5.0;
				TARGETED_DEVICE_FAMILY = "1,2";
				TEST_TARGET_NAME = Recall;
			};
			name = Release;
		};
/* End XCBuildConfiguration section */

/* Begin XCConfigurationList section */
		EDDE34B42EC581130076ACE5 /* Build configuration list for PBXProject "Recall" */ = {
			isa = XCConfigurationList;
			buildConfigurations = (
				EDDE34D82EC581140076ACE5 /* Debug */,
				EDDE34D92EC581140076ACE5 /* Release */,
			);
			defaultConfigurationIsVisible = 0;
			defaultConfigurationName = Release;
		};
		EDDE34DA2EC581140076ACE5 /* Build configuration list for PBXNativeTarget "Recall" */ = {
			isa = XCConfigurationList;
			buildConfigurations = (
				EDDE34DB2EC581140076ACE5 /* Debug */,
				EDDE34DC2EC581140076ACE5 /* Release */,
			);
			defaultConfigurationIsVisible = 0;
			defaultConfigurationName = Release;
		};
		EDDE34DD2EC581140076ACE5 /* Build configuration list for PBXNativeTarget "RecallTests" */ = {
			isa = XCConfigurationList;
			buildConfigurations = (
				EDDE34DE2EC581140076ACE5 /* Debug */,
				EDDE34DF2EC581140076ACE5 /* Release */,
			);
			defaultConfigurationIsVisible = 0;
			defaultConfigurationName = Release;
		};
		EDDE34E02EC581140076ACE5 /* Build configuration list for PBXNativeTarget "RecallUITests" */ = {
			isa = XCConfigurationList;
			buildConfigurations = (
				EDDE34E12EC581140076ACE5 /* Debug */,
				EDDE34E22EC581140076ACE5 /* Release */,
			);
			defaultConfigurationIsVisible = 0;
			defaultConfigurationName = Release;
		};
/* End XCConfigurationList section */
	};
	rootObject = EDDE34B12EC581130076ACE5 /* Project object */;
}
